
Microsoft Visual Studio Solution File, Format Version 12.00
# Visual Studio Version 16
VisualStudioVersion = 16.0.31229.75
MinimumVisualStudioVersion = 10.0.40219.1
Project("{FAE04EC0-301F-11D3-BF4B-00C04F79EFBC}") = "PasswordGenerator4", "PasswordGenerator4\PasswordGenerator4.csproj", "{0DF597A8-4446-4BF1-9234-19921DD87641}"
EndProject
Global
	GlobalSection(SolutionConfigurationPlatforms) = preSolution
		Debug|Any CPU = Debug|Any CPU
		Release|Any CPU = Release|Any CPU
	EndGlobalSection
	GlobalSection(ProjectConfigurationPlatforms) = postSolution
		{0DF597A8-4446-4BF1-9234-19921DD87641}.Debug|Any CPU.ActiveCfg = Debug|Any CPU
		{0DF597A8-4446-4BF1-9234-19921DD87641}.Debug|Any CPU.Build.0 = Debug|Any CPU
		{0DF597A8-4446-4BF1-9234-19921DD87641}.Release|Any CPU.ActiveCfg = Release|Any CPU
		{0DF597A8-4446-4BF1-9234-19921DD87641}.Release|Any CPU.Build.0 = Release|Any CPU
	EndGlobalSection
	GlobalSection(SolutionProperties) = preSolution
		HideSolutionNode = FALSE
	EndGlobalSection
	GlobalSection(ExtensibilityGlobals) = postSolution
		SolutionGuid = {0EB8C80A-EB7A-43EC-9090-BD64B753FB73}
	EndGlobalSection
EndGlobal
